PODS:
  - NVActivityIndicatorView (4.8.0):
    - NVActivityIndicatorView/Presenter (= 4.8.0)
  - NVActivityIndicatorView/Presenter (4.8.0)

DEPENDENCIES:
  - NVActivityIndicatorView

SPEC REPOS:
  trunk:
    - NVActivityIndicatorView

SPEC CHECKSUMS:
  NVActivityIndicatorView: d24b7ebcf80af5dcd994adb650e2b6c93379270f

PODFILE CHECKSUM: dd121f4aaf055ebf2e8cbdfa3acd4517f2c6a64e

COCOAPODS: 1.9.1
